
Microsoft Visual Studio Solution File, Format Version 12.00
# Visual Studio 2013
VisualStudioVersion = 12.0.20617.1 PREVIEW
MinimumVisualStudioVersion = 10.0.40219.1
Project("{FAE04EC0-301F-11D3-BF4B-00C04F79EFBC}") = "AutoX.Web", "AutoX.Web\AutoX.Web.csproj", "{4B8F5366-D270-45A5-9CD3-9D7A2CF831CB}"
	ProjectSection(ProjectDependencies) = postProject
		{6A598CBB-A54F-4272-82AA-0DD64428E3C6} = {6A598CBB-A54F-4272-82AA-0DD64428E3C6}
		{7D09A7D8-2A35-49CB-936E-58919BB4A5F9} = {7D09A7D8-2A35-49CB-936E-58919BB4A5F9}
	EndProjectSection
EndProject
Project("{FAE04EC0-301F-11D3-BF4B-00C04F79EFBC}") = "AutoX.DB", "AutoX.DB\AutoX.DB.csproj", "{7D09A7D8-2A35-49CB-936E-58919BB4A5F9}"
EndProject
Project("{FAE04EC0-301F-11D3-BF4B-00C04F79EFBC}") = "AutoX.WF.Core", "AutoX.WF.Core\AutoX.WF.Core.csproj", "{6A598CBB-A54F-4272-82AA-0DD64428E3C6}"
EndProject
Project("{FAE04EC0-301F-11D3-BF4B-00C04F79EFBC}") = "AutoX.Basic", "AutoX.Basic\AutoX.Basic.csproj", "{BB39BDB6-D9A0-4B29-98C5-977069B8D575}"
EndProject
Project("{FAE04EC0-301F-11D3-BF4B-00C04F79EFBC}") = "AutoX.Activities", "AutoX.Activities\AutoX.Activities.csproj", "{82CE9DF9-7593-4B3C-B232-2B2894E40BB8}"
EndProject
Project("{6141683F-8A12-4E36-9623-2EB02B2C2303}") = "SetupCenter", "SetupCenter\SetupCenter.isproj", "{DFAF7DF4-FD5B-40B6-A915-84DFA642C509}"
EndProject
Global
	GlobalSection(SolutionConfigurationPlatforms) = preSolution
		CD_ROM|Any CPU = CD_ROM|Any CPU
		Debug|Any CPU = Debug|Any CPU
		DVD-5|Any CPU = DVD-5|Any CPU
		Release|Any CPU = Release|Any CPU
		SingleImage|Any CPU = SingleImage|Any CPU
	EndGlobalSection
	GlobalSection(ProjectConfigurationPlatforms) = postSolution
		{4B8F5366-D270-45A5-9CD3-9D7A2CF831CB}.CD_ROM|Any CPU.ActiveCfg = Release|Any CPU
		{4B8F5366-D270-45A5-9CD3-9D7A2CF831CB}.CD_ROM|Any CPU.Build.0 = Release|Any CPU
		{4B8F5366-D270-45A5-9CD3-9D7A2CF831CB}.Debug|Any CPU.ActiveCfg = Debug|Any CPU
		{4B8F5366-D270-45A5-9CD3-9D7A2CF831CB}.Debug|Any CPU.Build.0 = Debug|Any CPU
		{4B8F5366-D270-45A5-9CD3-9D7A2CF831CB}.DVD-5|Any CPU.ActiveCfg = Debug|Any CPU
		{4B8F5366-D270-45A5-9CD3-9D7A2CF831CB}.DVD-5|Any CPU.Build.0 = Debug|Any CPU
		{4B8F5366-D270-45A5-9CD3-9D7A2CF831CB}.Release|Any CPU.ActiveCfg = Release|Any CPU
		{4B8F5366-D270-45A5-9CD3-9D7A2CF831CB}.Release|Any CPU.Build.0 = Release|Any CPU
		{4B8F5366-D270-45A5-9CD3-9D7A2CF831CB}.SingleImage|Any CPU.ActiveCfg = Release|Any CPU
		{4B8F5366-D270-45A5-9CD3-9D7A2CF831CB}.SingleImage|Any CPU.Build.0 = Release|Any CPU
		{7D09A7D8-2A35-49CB-936E-58919BB4A5F9}.CD_ROM|Any CPU.ActiveCfg = Release|Any CPU
		{7D09A7D8-2A35-49CB-936E-58919BB4A5F9}.CD_ROM|Any CPU.Build.0 = Release|Any CPU
		{7D09A7D8-2A35-49CB-936E-58919BB4A5F9}.Debug|Any CPU.ActiveCfg = Debug|Any CPU
		{7D09A7D8-2A35-49CB-936E-58919BB4A5F9}.Debug|Any CPU.Build.0 = Debug|Any CPU
		{7D09A7D8-2A35-49CB-936E-58919BB4A5F9}.DVD-5|Any CPU.ActiveCfg = Debug|Any CPU
		{7D09A7D8-2A35-49CB-936E-58919BB4A5F9}.DVD-5|Any CPU.Build.0 = Debug|Any CPU
		{7D09A7D8-2A35-49CB-936E-58919BB4A5F9}.Release|Any CPU.ActiveCfg = Release|Any CPU
		{7D09A7D8-2A35-49CB-936E-58919BB4A5F9}.Release|Any CPU.Build.0 = Release|Any CPU
		{7D09A7D8-2A35-49CB-936E-58919BB4A5F9}.SingleImage|Any CPU.ActiveCfg = Release|Any CPU
		{7D09A7D8-2A35-49CB-936E-58919BB4A5F9}.SingleImage|Any CPU.Build.0 = Release|Any CPU
		{6A598CBB-A54F-4272-82AA-0DD64428E3C6}.CD_ROM|Any CPU.ActiveCfg = Release|Any CPU
		{6A598CBB-A54F-4272-82AA-0DD64428E3C6}.CD_ROM|Any CPU.Build.0 = Release|Any CPU
		{6A598CBB-A54F-4272-82AA-0DD64428E3C6}.Debug|Any CPU.ActiveCfg = Debug|Any CPU
		{6A598CBB-A54F-4272-82AA-0DD64428E3C6}.Debug|Any CPU.Build.0 = Debug|Any CPU
		{6A598CBB-A54F-4272-82AA-0DD64428E3C6}.DVD-5|Any CPU.ActiveCfg = Debug|Any CPU
		{6A598CBB-A54F-4272-82AA-0DD64428E3C6}.DVD-5|Any CPU.Build.0 = Debug|Any CPU
		{6A598CBB-A54F-4272-82AA-0DD64428E3C6}.Release|Any CPU.ActiveCfg = Release|Any CPU
		{6A598CBB-A54F-4272-82AA-0DD64428E3C6}.Release|Any CPU.Build.0 = Release|Any CPU
		{6A598CBB-A54F-4272-82AA-0DD64428E3C6}.SingleImage|Any CPU.ActiveCfg = Release|Any CPU
		{6A598CBB-A54F-4272-82AA-0DD64428E3C6}.SingleImage|Any CPU.Build.0 = Release|Any CPU
		{BB39BDB6-D9A0-4B29-98C5-977069B8D575}.CD_ROM|Any CPU.ActiveCfg = Release|Any CPU
		{BB39BDB6-D9A0-4B29-98C5-977069B8D575}.CD_ROM|Any CPU.Build.0 = Release|Any CPU
		{BB39BDB6-D9A0-4B29-98C5-977069B8D575}.Debug|Any CPU.ActiveCfg = Debug|Any CPU
		{BB39BDB6-D9A0-4B29-98C5-977069B8D575}.Debug|Any CPU.Build.0 = Debug|Any CPU
		{BB39BDB6-D9A0-4B29-98C5-977069B8D575}.DVD-5|Any CPU.ActiveCfg = Debug|Any CPU
		{BB39BDB6-D9A0-4B29-98C5-977069B8D575}.DVD-5|Any CPU.Build.0 = Debug|Any CPU
		{BB39BDB6-D9A0-4B29-98C5-977069B8D575}.Release|Any CPU.ActiveCfg = Release|Any CPU
		{BB39BDB6-D9A0-4B29-98C5-977069B8D575}.Release|Any CPU.Build.0 = Release|Any CPU
		{BB39BDB6-D9A0-4B29-98C5-977069B8D575}.SingleImage|Any CPU.ActiveCfg = Release|Any CPU
		{BB39BDB6-D9A0-4B29-98C5-977069B8D575}.SingleImage|Any CPU.Build.0 = Release|Any CPU
		{82CE9DF9-7593-4B3C-B232-2B2894E40BB8}.CD_ROM|Any CPU.ActiveCfg = Release|Any CPU
		{82CE9DF9-7593-4B3C-B232-2B2894E40BB8}.CD_ROM|Any CPU.Build.0 = Release|Any CPU
		{82CE9DF9-7593-4B3C-B232-2B2894E40BB8}.Debug|Any CPU.ActiveCfg = Debug|Any CPU
		{82CE9DF9-7593-4B3C-B232-2B2894E40BB8}.Debug|Any CPU.Build.0 = Debug|Any CPU
		{82CE9DF9-7593-4B3C-B232-2B2894E40BB8}.DVD-5|Any CPU.ActiveCfg = Debug|Any CPU
		{82CE9DF9-7593-4B3C-B232-2B2894E40BB8}.DVD-5|Any CPU.Build.0 = Debug|Any CPU
		{82CE9DF9-7593-4B3C-B232-2B2894E40BB8}.Release|Any CPU.ActiveCfg = Release|Any CPU
		{82CE9DF9-7593-4B3C-B232-2B2894E40BB8}.Release|Any CPU.Build.0 = Release|Any CPU
		{82CE9DF9-7593-4B3C-B232-2B2894E40BB8}.SingleImage|Any CPU.ActiveCfg = Release|Any CPU
		{82CE9DF9-7593-4B3C-B232-2B2894E40BB8}.SingleImage|Any CPU.Build.0 = Release|Any CPU
		{DFAF7DF4-FD5B-40B6-A915-84DFA642C509}.CD_ROM|Any CPU.ActiveCfg = CD_ROM
		{DFAF7DF4-FD5B-40B6-A915-84DFA642C509}.CD_ROM|Any CPU.Build.0 = CD_ROM
		{DFAF7DF4-FD5B-40B6-A915-84DFA642C509}.Debug|Any CPU.ActiveCfg = DVD-5
		{DFAF7DF4-FD5B-40B6-A915-84DFA642C509}.Debug|Any CPU.Build.0 = DVD-5
		{DFAF7DF4-FD5B-40B6-A915-84DFA642C509}.DVD-5|Any CPU.ActiveCfg = DVD-5
		{DFAF7DF4-FD5B-40B6-A915-84DFA642C509}.DVD-5|Any CPU.Build.0 = DVD-5
		{DFAF7DF4-FD5B-40B6-A915-84DFA642C509}.Release|Any CPU.ActiveCfg = SingleImage
		{DFAF7DF4-FD5B-40B6-A915-84DFA642C509}.Release|Any CPU.Build.0 = SingleImage
		{DFAF7DF4-FD5B-40B6-A915-84DFA642C509}.SingleImage|Any CPU.ActiveCfg = SingleImage
		{DFAF7DF4-FD5B-40B6-A915-84DFA642C509}.SingleImage|Any CPU.Build.0 = SingleImage
	EndGlobalSection
	GlobalSection(SolutionProperties) = preSolution
		HideSolutionNode = FALSE
	EndGlobalSection
EndGlobal
