
Microsoft Visual Studio Solution File, Format Version 12.00
# Visual Studio 2013
VisualStudioVersion = 12.0.20623.1 VSUPREVIEW
MinimumVisualStudioVersion = 10.0.40219.1
Project("{FAE04EC0-301F-11D3-BF4B-00C04F79EFBC}") = "AutoX", "AutoX\AutoX.csproj", "{62E91EC9-E076-480C-AC02-397E034232F0}"
EndProject
Project("{FAE04EC0-301F-11D3-BF4B-00C04F79EFBC}") = "AutoX.Basic", "AutoX.Basic\AutoX.Basic.csproj", "{BB39BDB6-D9A0-4B29-98C5-977069B8D575}"
EndProject
Project("{FAE04EC0-301F-11D3-BF4B-00C04F79EFBC}") = "AutoX.DB", "AutoX.DB\AutoX.DB.csproj", "{7D09A7D8-2A35-49CB-936E-58919BB4A5F9}"
EndProject
Project("{FAE04EC0-301F-11D3-BF4B-00C04F79EFBC}") = "AutoX.WF.Core", "AutoX.WF.Core\AutoX.WF.Core.csproj", "{6A598CBB-A54F-4272-82AA-0DD64428E3C6}"
EndProject
Project("{FAE04EC0-301F-11D3-BF4B-00C04F79EFBC}") = "AutoX.Activities", "AutoX.Activities\AutoX.Activities.csproj", "{82CE9DF9-7593-4B3C-B232-2B2894E40BB8}"
EndProject
Project("{FAE04EC0-301F-11D3-BF4B-00C04F79EFBC}") = "AutoX.Test", "AutoX.Test\AutoX.Test.csproj", "{6D5028A1-2646-4D2A-8AA5-21CEE9581B2A}"
EndProject
Project("{FAE04EC0-301F-11D3-BF4B-00C04F79EFBC}") = "AutoX.Comm", "AutoX.Comm\AutoX.Comm.csproj", "{EA1D75AA-B145-4B6B-84E5-9933A5D537F0}"
EndProject
Project("{FAE04EC0-301F-11D3-BF4B-00C04F79EFBC}") = "AutoX.Client.Core", "AutoX.Client.Core\AutoX.Client.Core.csproj", "{4C838B4A-F1C7-4B78-B6C4-EB65EAD3FBE0}"
EndProject
Project("{FAE04EC0-301F-11D3-BF4B-00C04F79EFBC}") = "AutoX.Client", "AutoX.Client\AutoX.Client.csproj", "{A1648D0A-0075-4509-A967-D9652FEFC99B}"
EndProject
Project("{6141683F-8A12-4E36-9623-2EB02B2C2303}") = "SetupController", "SetupController\SetupController.isproj", "{1B17556E-5ED5-475B-A8D0-17F85395F457}"
	ProjectSection(ProjectDependencies) = postProject
		{4C838B4A-F1C7-4B78-B6C4-EB65EAD3FBE0} = {4C838B4A-F1C7-4B78-B6C4-EB65EAD3FBE0}
	EndProjectSection
EndProject
Project("{6141683F-8A12-4E36-9623-2EB02B2C2303}") = "SetupClient", "SetupClient\SetupClient.isproj", "{F2F72216-41D0-4ED8-8D20-FEB62D619C0D}"
	ProjectSection(ProjectDependencies) = postProject
		{A1648D0A-0075-4509-A967-D9652FEFC99B} = {A1648D0A-0075-4509-A967-D9652FEFC99B}
		{4C838B4A-F1C7-4B78-B6C4-EB65EAD3FBE0} = {4C838B4A-F1C7-4B78-B6C4-EB65EAD3FBE0}
	EndProjectSection
EndProject
Project("{FAE04EC0-301F-11D3-BF4B-00C04F79EFBC}") = "AutoX.WindowsService", "AutoX.WindowsService\AutoX.WindowsService.csproj", "{B5B9DCE6-F252-446C-A9F3-0A14117D6CF5}"
EndProject
Project("{6141683F-8A12-4E36-9623-2EB02B2C2303}") = "SetupWindowsSerivce", "SetupWindowsSerivce\SetupWindowsSerivce.isproj", "{818B13A8-68B8-43E8-8E4F-FFE8B7329A56}"
	ProjectSection(ProjectDependencies) = postProject
		{4B8F5366-D270-45A5-9CD3-9D7A2CF831CB} = {4B8F5366-D270-45A5-9CD3-9D7A2CF831CB}
		{6A598CBB-A54F-4272-82AA-0DD64428E3C6} = {6A598CBB-A54F-4272-82AA-0DD64428E3C6}
		{B5B9DCE6-F252-446C-A9F3-0A14117D6CF5} = {B5B9DCE6-F252-446C-A9F3-0A14117D6CF5}
	EndProjectSection
EndProject
Project("{FAE04EC0-301F-11D3-BF4B-00C04F79EFBC}") = "AutoX.Web", "AutoX.Web\AutoX.Web.csproj", "{4B8F5366-D270-45A5-9CD3-9D7A2CF831CB}"
EndProject
Project("{6141683F-8A12-4E36-9623-2EB02B2C2303}") = "SetupCenter", "SetupCenter\SetupCenter.isproj", "{96986D3E-EA9D-4AA9-AB9C-0DAE0E2745CC}"
	ProjectSection(ProjectDependencies) = postProject
		{4C838B4A-F1C7-4B78-B6C4-EB65EAD3FBE0} = {4C838B4A-F1C7-4B78-B6C4-EB65EAD3FBE0}
		{4B8F5366-D270-45A5-9CD3-9D7A2CF831CB} = {4B8F5366-D270-45A5-9CD3-9D7A2CF831CB}
		{EA1D75AA-B145-4B6B-84E5-9933A5D537F0} = {EA1D75AA-B145-4B6B-84E5-9933A5D537F0}
		{BB39BDB6-D9A0-4B29-98C5-977069B8D575} = {BB39BDB6-D9A0-4B29-98C5-977069B8D575}
		{6A598CBB-A54F-4272-82AA-0DD64428E3C6} = {6A598CBB-A54F-4272-82AA-0DD64428E3C6}
		{7D09A7D8-2A35-49CB-936E-58919BB4A5F9} = {7D09A7D8-2A35-49CB-936E-58919BB4A5F9}
		{82CE9DF9-7593-4B3C-B232-2B2894E40BB8} = {82CE9DF9-7593-4B3C-B232-2B2894E40BB8}
	EndProjectSection
EndProject
Project("{2150E333-8FDC-42A3-9474-1A3956D46DE8}") = "Solution Items", "Solution Items", "{5A6D18F2-B15F-4B96-8193-EADC62F1A0F5}"
EndProject
Global
	GlobalSection(SolutionConfigurationPlatforms) = preSolution
		CD_ROM|Any CPU = CD_ROM|Any CPU
		Debug|Any CPU = Debug|Any CPU
		DVD-5|Any CPU = DVD-5|Any CPU
		Release|Any CPU = Release|Any CPU
		SingleImage|Any CPU = SingleImage|Any CPU
	EndGlobalSection
	GlobalSection(ProjectConfigurationPlatforms) = postSolution
		{62E91EC9-E076-480C-AC02-397E034232F0}.CD_ROM|Any CPU.ActiveCfg = Release|Any CPU
		{62E91EC9-E076-480C-AC02-397E034232F0}.CD_ROM|Any CPU.Build.0 = Release|Any CPU
		{62E91EC9-E076-480C-AC02-397E034232F0}.Debug|Any CPU.ActiveCfg = Debug|Any CPU
		{62E91EC9-E076-480C-AC02-397E034232F0}.Debug|Any CPU.Build.0 = Debug|Any CPU
		{62E91EC9-E076-480C-AC02-397E034232F0}.DVD-5|Any CPU.ActiveCfg = Debug|Any CPU
		{62E91EC9-E076-480C-AC02-397E034232F0}.DVD-5|Any CPU.Build.0 = Debug|Any CPU
		{62E91EC9-E076-480C-AC02-397E034232F0}.Release|Any CPU.ActiveCfg = Release|Any CPU
		{62E91EC9-E076-480C-AC02-397E034232F0}.Release|Any CPU.Build.0 = Release|Any CPU
		{62E91EC9-E076-480C-AC02-397E034232F0}.SingleImage|Any CPU.ActiveCfg = Release|Any CPU
		{62E91EC9-E076-480C-AC02-397E034232F0}.SingleImage|Any CPU.Build.0 = Release|Any CPU
		{BB39BDB6-D9A0-4B29-98C5-977069B8D575}.CD_ROM|Any CPU.ActiveCfg = Release|Any CPU
		{BB39BDB6-D9A0-4B29-98C5-977069B8D575}.CD_ROM|Any CPU.Build.0 = Release|Any CPU
		{BB39BDB6-D9A0-4B29-98C5-977069B8D575}.Debug|Any CPU.ActiveCfg = Debug|Any CPU
		{BB39BDB6-D9A0-4B29-98C5-977069B8D575}.Debug|Any CPU.Build.0 = Debug|Any CPU
		{BB39BDB6-D9A0-4B29-98C5-977069B8D575}.DVD-5|Any CPU.ActiveCfg = Debug|Any CPU
		{BB39BDB6-D9A0-4B29-98C5-977069B8D575}.DVD-5|Any CPU.Build.0 = Debug|Any CPU
		{BB39BDB6-D9A0-4B29-98C5-977069B8D575}.Release|Any CPU.ActiveCfg = Release|Any CPU
		{BB39BDB6-D9A0-4B29-98C5-977069B8D575}.Release|Any CPU.Build.0 = Release|Any CPU
		{BB39BDB6-D9A0-4B29-98C5-977069B8D575}.SingleImage|Any CPU.ActiveCfg = Release|Any CPU
		{BB39BDB6-D9A0-4B29-98C5-977069B8D575}.SingleImage|Any CPU.Build.0 = Release|Any CPU
		{7D09A7D8-2A35-49CB-936E-58919BB4A5F9}.CD_ROM|Any CPU.ActiveCfg = Release|Any CPU
		{7D09A7D8-2A35-49CB-936E-58919BB4A5F9}.CD_ROM|Any CPU.Build.0 = Release|Any CPU
		{7D09A7D8-2A35-49CB-936E-58919BB4A5F9}.Debug|Any CPU.ActiveCfg = Debug|Any CPU
		{7D09A7D8-2A35-49CB-936E-58919BB4A5F9}.Debug|Any CPU.Build.0 = Debug|Any CPU
		{7D09A7D8-2A35-49CB-936E-58919BB4A5F9}.DVD-5|Any CPU.ActiveCfg = Debug|Any CPU
		{7D09A7D8-2A35-49CB-936E-58919BB4A5F9}.DVD-5|Any CPU.Build.0 = Debug|Any CPU
		{7D09A7D8-2A35-49CB-936E-58919BB4A5F9}.Release|Any CPU.ActiveCfg = Release|Any CPU
		{7D09A7D8-2A35-49CB-936E-58919BB4A5F9}.Release|Any CPU.Build.0 = Release|Any CPU
		{7D09A7D8-2A35-49CB-936E-58919BB4A5F9}.SingleImage|Any CPU.ActiveCfg = Release|Any CPU
		{7D09A7D8-2A35-49CB-936E-58919BB4A5F9}.SingleImage|Any CPU.Build.0 = Release|Any CPU
		{6A598CBB-A54F-4272-82AA-0DD64428E3C6}.CD_ROM|Any CPU.ActiveCfg = Release|Any CPU
		{6A598CBB-A54F-4272-82AA-0DD64428E3C6}.CD_ROM|Any CPU.Build.0 = Release|Any CPU
		{6A598CBB-A54F-4272-82AA-0DD64428E3C6}.Debug|Any CPU.ActiveCfg = Debug|Any CPU
		{6A598CBB-A54F-4272-82AA-0DD64428E3C6}.Debug|Any CPU.Build.0 = Debug|Any CPU
		{6A598CBB-A54F-4272-82AA-0DD64428E3C6}.DVD-5|Any CPU.ActiveCfg = Debug|Any CPU
		{6A598CBB-A54F-4272-82AA-0DD64428E3C6}.DVD-5|Any CPU.Build.0 = Debug|Any CPU
		{6A598CBB-A54F-4272-82AA-0DD64428E3C6}.Release|Any CPU.ActiveCfg = Release|Any CPU
		{6A598CBB-A54F-4272-82AA-0DD64428E3C6}.Release|Any CPU.Build.0 = Release|Any CPU
		{6A598CBB-A54F-4272-82AA-0DD64428E3C6}.SingleImage|Any CPU.ActiveCfg = Release|Any CPU
		{6A598CBB-A54F-4272-82AA-0DD64428E3C6}.SingleImage|Any CPU.Build.0 = Release|Any CPU
		{82CE9DF9-7593-4B3C-B232-2B2894E40BB8}.CD_ROM|Any CPU.ActiveCfg = Release|Any CPU
		{82CE9DF9-7593-4B3C-B232-2B2894E40BB8}.CD_ROM|Any CPU.Build.0 = Release|Any CPU
		{82CE9DF9-7593-4B3C-B232-2B2894E40BB8}.Debug|Any CPU.ActiveCfg = Debug|Any CPU
		{82CE9DF9-7593-4B3C-B232-2B2894E40BB8}.Debug|Any CPU.Build.0 = Debug|Any CPU
		{82CE9DF9-7593-4B3C-B232-2B2894E40BB8}.DVD-5|Any CPU.ActiveCfg = Debug|Any CPU
		{82CE9DF9-7593-4B3C-B232-2B2894E40BB8}.DVD-5|Any CPU.Build.0 = Debug|Any CPU
		{82CE9DF9-7593-4B3C-B232-2B2894E40BB8}.Release|Any CPU.ActiveCfg = Release|Any CPU
		{82CE9DF9-7593-4B3C-B232-2B2894E40BB8}.Release|Any CPU.Build.0 = Release|Any CPU
		{82CE9DF9-7593-4B3C-B232-2B2894E40BB8}.SingleImage|Any CPU.ActiveCfg = Release|Any CPU
		{82CE9DF9-7593-4B3C-B232-2B2894E40BB8}.SingleImage|Any CPU.Build.0 = Release|Any CPU
		{6D5028A1-2646-4D2A-8AA5-21CEE9581B2A}.CD_ROM|Any CPU.ActiveCfg = Release|Any CPU
		{6D5028A1-2646-4D2A-8AA5-21CEE9581B2A}.CD_ROM|Any CPU.Build.0 = Release|Any CPU
		{6D5028A1-2646-4D2A-8AA5-21CEE9581B2A}.Debug|Any CPU.ActiveCfg = Debug|Any CPU
		{6D5028A1-2646-4D2A-8AA5-21CEE9581B2A}.Debug|Any CPU.Build.0 = Debug|Any CPU
		{6D5028A1-2646-4D2A-8AA5-21CEE9581B2A}.DVD-5|Any CPU.ActiveCfg = Debug|Any CPU
		{6D5028A1-2646-4D2A-8AA5-21CEE9581B2A}.DVD-5|Any CPU.Build.0 = Debug|Any CPU
		{6D5028A1-2646-4D2A-8AA5-21CEE9581B2A}.Release|Any CPU.ActiveCfg = Release|Any CPU
		{6D5028A1-2646-4D2A-8AA5-21CEE9581B2A}.Release|Any CPU.Build.0 = Release|Any CPU
		{6D5028A1-2646-4D2A-8AA5-21CEE9581B2A}.SingleImage|Any CPU.ActiveCfg = Release|Any CPU
		{6D5028A1-2646-4D2A-8AA5-21CEE9581B2A}.SingleImage|Any CPU.Build.0 = Release|Any CPU
		{EA1D75AA-B145-4B6B-84E5-9933A5D537F0}.CD_ROM|Any CPU.ActiveCfg = Release|Any CPU
		{EA1D75AA-B145-4B6B-84E5-9933A5D537F0}.CD_ROM|Any CPU.Build.0 = Release|Any CPU
		{EA1D75AA-B145-4B6B-84E5-9933A5D537F0}.Debug|Any CPU.ActiveCfg = Debug|Any CPU
		{EA1D75AA-B145-4B6B-84E5-9933A5D537F0}.Debug|Any CPU.Build.0 = Debug|Any CPU
		{EA1D75AA-B145-4B6B-84E5-9933A5D537F0}.DVD-5|Any CPU.ActiveCfg = Debug|Any CPU
		{EA1D75AA-B145-4B6B-84E5-9933A5D537F0}.DVD-5|Any CPU.Build.0 = Debug|Any CPU
		{EA1D75AA-B145-4B6B-84E5-9933A5D537F0}.Release|Any CPU.ActiveCfg = Release|Any CPU
		{EA1D75AA-B145-4B6B-84E5-9933A5D537F0}.Release|Any CPU.Build.0 = Release|Any CPU
		{EA1D75AA-B145-4B6B-84E5-9933A5D537F0}.SingleImage|Any CPU.ActiveCfg = Release|Any CPU
		{EA1D75AA-B145-4B6B-84E5-9933A5D537F0}.SingleImage|Any CPU.Build.0 = Release|Any CPU
		{4C838B4A-F1C7-4B78-B6C4-EB65EAD3FBE0}.CD_ROM|Any CPU.ActiveCfg = Release|Any CPU
		{4C838B4A-F1C7-4B78-B6C4-EB65EAD3FBE0}.CD_ROM|Any CPU.Build.0 = Release|Any CPU
		{4C838B4A-F1C7-4B78-B6C4-EB65EAD3FBE0}.Debug|Any CPU.ActiveCfg = Debug|Any CPU
		{4C838B4A-F1C7-4B78-B6C4-EB65EAD3FBE0}.Debug|Any CPU.Build.0 = Debug|Any CPU
		{4C838B4A-F1C7-4B78-B6C4-EB65EAD3FBE0}.DVD-5|Any CPU.ActiveCfg = Debug|Any CPU
		{4C838B4A-F1C7-4B78-B6C4-EB65EAD3FBE0}.DVD-5|Any CPU.Build.0 = Debug|Any CPU
		{4C838B4A-F1C7-4B78-B6C4-EB65EAD3FBE0}.Release|Any CPU.ActiveCfg = Release|Any CPU
		{4C838B4A-F1C7-4B78-B6C4-EB65EAD3FBE0}.Release|Any CPU.Build.0 = Release|Any CPU
		{4C838B4A-F1C7-4B78-B6C4-EB65EAD3FBE0}.SingleImage|Any CPU.ActiveCfg = Release|Any CPU
		{4C838B4A-F1C7-4B78-B6C4-EB65EAD3FBE0}.SingleImage|Any CPU.Build.0 = Release|Any CPU
		{A1648D0A-0075-4509-A967-D9652FEFC99B}.CD_ROM|Any CPU.ActiveCfg = Release|Any CPU
		{A1648D0A-0075-4509-A967-D9652FEFC99B}.CD_ROM|Any CPU.Build.0 = Release|Any CPU
		{A1648D0A-0075-4509-A967-D9652FEFC99B}.Debug|Any CPU.ActiveCfg = Debug|Any CPU
		{A1648D0A-0075-4509-A967-D9652FEFC99B}.Debug|Any CPU.Build.0 = Debug|Any CPU
		{A1648D0A-0075-4509-A967-D9652FEFC99B}.DVD-5|Any CPU.ActiveCfg = Debug|Any CPU
		{A1648D0A-0075-4509-A967-D9652FEFC99B}.DVD-5|Any CPU.Build.0 = Debug|Any CPU
		{A1648D0A-0075-4509-A967-D9652FEFC99B}.Release|Any CPU.ActiveCfg = Release|Any CPU
		{A1648D0A-0075-4509-A967-D9652FEFC99B}.Release|Any CPU.Build.0 = Release|Any CPU
		{A1648D0A-0075-4509-A967-D9652FEFC99B}.SingleImage|Any CPU.ActiveCfg = Release|Any CPU
		{A1648D0A-0075-4509-A967-D9652FEFC99B}.SingleImage|Any CPU.Build.0 = Release|Any CPU
		{1B17556E-5ED5-475B-A8D0-17F85395F457}.CD_ROM|Any CPU.ActiveCfg = CD_ROM
		{1B17556E-5ED5-475B-A8D0-17F85395F457}.CD_ROM|Any CPU.Build.0 = CD_ROM
		{1B17556E-5ED5-475B-A8D0-17F85395F457}.Debug|Any CPU.ActiveCfg = CD_ROM
		{1B17556E-5ED5-475B-A8D0-17F85395F457}.Debug|Any CPU.Build.0 = CD_ROM
		{1B17556E-5ED5-475B-A8D0-17F85395F457}.DVD-5|Any CPU.ActiveCfg = DVD-5
		{1B17556E-5ED5-475B-A8D0-17F85395F457}.DVD-5|Any CPU.Build.0 = DVD-5
		{1B17556E-5ED5-475B-A8D0-17F85395F457}.Release|Any CPU.ActiveCfg = SingleImage
		{1B17556E-5ED5-475B-A8D0-17F85395F457}.Release|Any CPU.Build.0 = SingleImage
		{1B17556E-5ED5-475B-A8D0-17F85395F457}.SingleImage|Any CPU.ActiveCfg = SingleImage
		{1B17556E-5ED5-475B-A8D0-17F85395F457}.SingleImage|Any CPU.Build.0 = SingleImage
		{F2F72216-41D0-4ED8-8D20-FEB62D619C0D}.CD_ROM|Any CPU.ActiveCfg = CD_ROM
		{F2F72216-41D0-4ED8-8D20-FEB62D619C0D}.CD_ROM|Any CPU.Build.0 = CD_ROM
		{F2F72216-41D0-4ED8-8D20-FEB62D619C0D}.Debug|Any CPU.ActiveCfg = CD_ROM
		{F2F72216-41D0-4ED8-8D20-FEB62D619C0D}.Debug|Any CPU.Build.0 = CD_ROM
		{F2F72216-41D0-4ED8-8D20-FEB62D619C0D}.DVD-5|Any CPU.ActiveCfg = DVD-5
		{F2F72216-41D0-4ED8-8D20-FEB62D619C0D}.DVD-5|Any CPU.Build.0 = DVD-5
		{F2F72216-41D0-4ED8-8D20-FEB62D619C0D}.Release|Any CPU.ActiveCfg = SingleImage
		{F2F72216-41D0-4ED8-8D20-FEB62D619C0D}.Release|Any CPU.Build.0 = SingleImage
		{F2F72216-41D0-4ED8-8D20-FEB62D619C0D}.SingleImage|Any CPU.ActiveCfg = SingleImage
		{F2F72216-41D0-4ED8-8D20-FEB62D619C0D}.SingleImage|Any CPU.Build.0 = SingleImage
		{B5B9DCE6-F252-446C-A9F3-0A14117D6CF5}.CD_ROM|Any CPU.ActiveCfg = Release|Any CPU
		{B5B9DCE6-F252-446C-A9F3-0A14117D6CF5}.CD_ROM|Any CPU.Build.0 = Release|Any CPU
		{B5B9DCE6-F252-446C-A9F3-0A14117D6CF5}.Debug|Any CPU.ActiveCfg = Debug|Any CPU
		{B5B9DCE6-F252-446C-A9F3-0A14117D6CF5}.Debug|Any CPU.Build.0 = Debug|Any CPU
		{B5B9DCE6-F252-446C-A9F3-0A14117D6CF5}.DVD-5|Any CPU.ActiveCfg = Debug|Any CPU
		{B5B9DCE6-F252-446C-A9F3-0A14117D6CF5}.DVD-5|Any CPU.Build.0 = Debug|Any CPU
		{B5B9DCE6-F252-446C-A9F3-0A14117D6CF5}.Release|Any CPU.ActiveCfg = Release|Any CPU
		{B5B9DCE6-F252-446C-A9F3-0A14117D6CF5}.Release|Any CPU.Build.0 = Release|Any CPU
		{B5B9DCE6-F252-446C-A9F3-0A14117D6CF5}.SingleImage|Any CPU.ActiveCfg = Release|Any CPU
		{B5B9DCE6-F252-446C-A9F3-0A14117D6CF5}.SingleImage|Any CPU.Build.0 = Release|Any CPU
		{818B13A8-68B8-43E8-8E4F-FFE8B7329A56}.CD_ROM|Any CPU.ActiveCfg = CD_ROM
		{818B13A8-68B8-43E8-8E4F-FFE8B7329A56}.CD_ROM|Any CPU.Build.0 = CD_ROM
		{818B13A8-68B8-43E8-8E4F-FFE8B7329A56}.Debug|Any CPU.ActiveCfg = CD_ROM
		{818B13A8-68B8-43E8-8E4F-FFE8B7329A56}.Debug|Any CPU.Build.0 = CD_ROM
		{818B13A8-68B8-43E8-8E4F-FFE8B7329A56}.DVD-5|Any CPU.ActiveCfg = DVD-5
		{818B13A8-68B8-43E8-8E4F-FFE8B7329A56}.DVD-5|Any CPU.Build.0 = DVD-5
		{818B13A8-68B8-43E8-8E4F-FFE8B7329A56}.Release|Any CPU.ActiveCfg = SingleImage
		{818B13A8-68B8-43E8-8E4F-FFE8B7329A56}.Release|Any CPU.Build.0 = SingleImage
		{818B13A8-68B8-43E8-8E4F-FFE8B7329A56}.SingleImage|Any CPU.ActiveCfg = SingleImage
		{818B13A8-68B8-43E8-8E4F-FFE8B7329A56}.SingleImage|Any CPU.Build.0 = SingleImage
		{4B8F5366-D270-45A5-9CD3-9D7A2CF831CB}.CD_ROM|Any CPU.ActiveCfg = Release|Any CPU
		{4B8F5366-D270-45A5-9CD3-9D7A2CF831CB}.CD_ROM|Any CPU.Build.0 = Release|Any CPU
		{4B8F5366-D270-45A5-9CD3-9D7A2CF831CB}.Debug|Any CPU.ActiveCfg = Debug|Any CPU
		{4B8F5366-D270-45A5-9CD3-9D7A2CF831CB}.Debug|Any CPU.Build.0 = Debug|Any CPU
		{4B8F5366-D270-45A5-9CD3-9D7A2CF831CB}.DVD-5|Any CPU.ActiveCfg = Debug|Any CPU
		{4B8F5366-D270-45A5-9CD3-9D7A2CF831CB}.DVD-5|Any CPU.Build.0 = Debug|Any CPU
		{4B8F5366-D270-45A5-9CD3-9D7A2CF831CB}.Release|Any CPU.ActiveCfg = Release|Any CPU
		{4B8F5366-D270-45A5-9CD3-9D7A2CF831CB}.Release|Any CPU.Build.0 = Release|Any CPU
		{4B8F5366-D270-45A5-9CD3-9D7A2CF831CB}.SingleImage|Any CPU.ActiveCfg = Release|Any CPU
		{4B8F5366-D270-45A5-9CD3-9D7A2CF831CB}.SingleImage|Any CPU.Build.0 = Release|Any CPU
		{96986D3E-EA9D-4AA9-AB9C-0DAE0E2745CC}.CD_ROM|Any CPU.ActiveCfg = CD_ROM
		{96986D3E-EA9D-4AA9-AB9C-0DAE0E2745CC}.CD_ROM|Any CPU.Build.0 = CD_ROM
		{96986D3E-EA9D-4AA9-AB9C-0DAE0E2745CC}.Debug|Any CPU.ActiveCfg = CD_ROM
		{96986D3E-EA9D-4AA9-AB9C-0DAE0E2745CC}.Debug|Any CPU.Build.0 = CD_ROM
		{96986D3E-EA9D-4AA9-AB9C-0DAE0E2745CC}.DVD-5|Any CPU.ActiveCfg = DVD-5
		{96986D3E-EA9D-4AA9-AB9C-0DAE0E2745CC}.DVD-5|Any CPU.Build.0 = DVD-5
		{96986D3E-EA9D-4AA9-AB9C-0DAE0E2745CC}.Release|Any CPU.ActiveCfg = SingleImage
		{96986D3E-EA9D-4AA9-AB9C-0DAE0E2745CC}.Release|Any CPU.Build.0 = SingleImage
		{96986D3E-EA9D-4AA9-AB9C-0DAE0E2745CC}.SingleImage|Any CPU.ActiveCfg = SingleImage
		{96986D3E-EA9D-4AA9-AB9C-0DAE0E2745CC}.SingleImage|Any CPU.Build.0 = SingleImage
	EndGlobalSection
	GlobalSection(SolutionProperties) = preSolution
		HideSolutionNode = FALSE
	EndGlobalSection
EndGlobal
